# This file is automatically @generated by Wally.
# It is not intended for manual editing.
registry = "test"

[[package]]
name = "logan/ecsence"
version = "0.1.0"
dependencies = [["axis", "neond00m/axis@0.2.4"], ["bolt", "unityjaeger/bolt@1.0.2"], ["jecs", "ukendio/jecs@0.10.4"], ["planck", "yetanotherclown/planck@0.2.0"], ["replecs", "pepeeltoro41/replecs@0.3.1"]]

[[package]]
name = "neond00m/axis"
version = "0.2.4"
dependencies = []

[[package]]
name = "pepeeltoro41/replecs"
version = "0.3.1"
dependencies = [["jecs", "ukendio/jecs@0.10.4"]]

[[package]]
name = "ukendio/jecs"
version = "0.10.4"
dependencies = []

[[package]]
name = "unityjaeger/bolt"
version = "1.0.2"
dependencies = []

[[package]]
name = "yetanotherclown/planck"
version = "0.2.0"
dependencies = []
